// !$*UTF8*$!
{
	archiveVersion = 1;
	classes = {
	};
	objectVersion = 46;
	objects = {

/* Begin PBXBuildFile section */
		137F6CBE529258C2FEB96194 /* Pods_Yadadri.framework in Frameworks */ = {isa = PBXBuildFile; fileRef = 4C6D0FBFC882D446AF52055E /* Pods_Yadadri.framework */; };
		2CA92401D94FFB6D115167A9 /* Pods_YadadriUITests.framework in Frameworks */ = {isa = PBXBuildFile; fileRef = 65055EE8D202877AAAC89AD7 /* Pods_YadadriUITests.framework */; };
		35217F9E00077791E0B435B2 /* Pods_YadadriTests.framework in Frameworks */ = {isa = PBXBuildFile; fileRef = 97E4D632FC0BFDB3B7802D13 /* Pods_YadadriTests.framework */; };
		712DAF201D07DF1400376DEB /* .gitignore in Resources */ = {isa = PBXBuildFile; fileRef = 712DAF1F1D07DF1400376DEB /* .gitignore */; };
		7150236F1D06E91900E06006 /* TempleTimingsViewController.swift in Sources */ = {isa = PBXBuildFile; fileRef = 7150236E1D06E91900E06006 /* TempleTimingsViewController.swift */; };
		715023711D06FA4500E06006 /* TempleTimingsCustomCell.swift in Sources */ = {isa = PBXBuildFile; fileRef = 715023701D06FA4500E06006 /* TempleTimingsCustomCell.swift */; };
		715023731D07095E00E06006 /* SevasViewController.swift in Sources */ = {isa = PBXBuildFile; fileRef = 715023721D07095E00E06006 /* SevasViewController.swift */; };
		715023751D0709C200E06006 /* SevasCustomCell.swift in Sources */ = {isa = PBXBuildFile; fileRef = 715023741D0709C200E06006 /* SevasCustomCell.swift */; };
		715023771D07285C00E06006 /* DoAndDontViewController.swift in Sources */ = {isa = PBXBuildFile; fileRef = 715023761D07285C00E06006 /* DoAndDontViewController.swift */; };
		7150237B1D072BB300E06006 /* DoTableViewCell.swift in Sources */ = {isa = PBXBuildFile; fileRef = 7150237A1D072BB300E06006 /* DoTableViewCell.swift */; };
		71BB95111D0A7F05003A7BC7 /* Station.swift in Sources */ = {isa = PBXBuildFile; fileRef = 71BB95101D0A7F05003A7BC7 /* Station.swift */; };
		71BB95131D0A7F14003A7BC7 /* stations.plist in Resources */ = {isa = PBXBuildFile; fileRef = 71BB95121D0A7F14003A7BC7 /* stations.plist */; };
		71BB95171D0A8E79003A7BC7 /* YadagiriAnnotation.swift in Sources */ = {isa = PBXBuildFile; fileRef = 71BB95161D0A8E79003A7BC7 /* YadagiriAnnotation.swift */; };
		71D08FB51D0AC84B00291878 /* surroundings.plist in Resources */ = {isa = PBXBuildFile; fileRef = 71D08FB41D0AC84B00291878 /* surroundings.plist */; };
		71D08FB71D0AD21A00291878 /* Surroundings.swift in Sources */ = {isa = PBXBuildFile; fileRef = 71D08FB61D0AD21A00291878 /* Surroundings.swift */; };
		71D08FB91D0AE48100291878 /* YTPlayerViewController.swift in Sources */ = {isa = PBXBuildFile; fileRef = 71D08FB81D0AE48100291878 /* YTPlayerViewController.swift */; };
		71D08FBB1D0AE4BB00291878 /* LocationsViewController.swift in Sources */ = {isa = PBXBuildFile; fileRef = 71D08FBA1D0AE4BB00291878 /* LocationsViewController.swift */; };
		71F8F0191D06A281009B2A80 /* AppDelegate.swift in Sources */ = {isa = PBXBuildFile; fileRef = 71F8F0181D06A281009B2A80 /* AppDelegate.swift */; };
		71F8F01B1D06A281009B2A80 /* ViewController.swift in Sources */ = {isa = PBXBuildFile; fileRef = 71F8F01A1D06A281009B2A80 /* ViewController.swift */; };
		71F8F01E1D06A282009B2A80 /* Main.storyboard in Resources */ = {isa = PBXBuildFile; fileRef = 71F8F01C1D06A282009B2A80 /* Main.storyboard */; };
		71F8F0201D06A282009B2A80 /* Assets.xcassets in Resources */ = {isa = PBXBuildFile; fileRef = 71F8F01F1D06A282009B2A80 /* Assets.xcassets */; };
		71F8F0231D06A282009B2A80 /* LaunchScreen.storyboard in Resources */ = {isa = PBXBuildFile; fileRef = 71F8F0211D06A282009B2A80 /* LaunchScreen.storyboard */; };
		71F8F02E1D06A283009B2A80 /* YadadriTests.swift in Sources */ = {isa = PBXBuildFile; fileRef = 71F8F02D1D06A283009B2A80 /* YadadriTests.swift */; };
		71F8F0391D06A283009B2A80 /* YadadriUITests.swift in Sources */ = {isa = PBXBuildFile; fileRef = 71F8F0381D06A283009B2A80 /* YadadriUITests.swift */; };
		71F8F0481D06C029009B2A80 /* DetailTableViewController.swift in Sources */ = {isa = PBXBuildFile; fileRef = 71F8F0471D06C029009B2A80 /* DetailTableViewController.swift */; };
		71F8F04A1D06DBD6009B2A80 /* TempleHistoryViewController.swift in Sources */ = {isa = PBXBuildFile; fileRef = 71F8F0491D06DBD6009B2A80 /* TempleHistoryViewController.swift */; };

		765D52021D0AC38D00EFB359 /* TempleFestivals.html in Resources */ = {isa = PBXBuildFile; fileRef = 765D52011D0AC38D00EFB359 /* TempleFestivals.html */; };
		765D52041D0AC8B800EFB359 /* TempleHistory.html in Resources */ = {isa = PBXBuildFile; fileRef = 765D52031D0AC8B800EFB359 /* TempleHistory.html */; };
		765D52061D0AD89200EFB359 /* PrasadasViewController.swift in Sources */ = {isa = PBXBuildFile; fileRef = 765D52051D0AD89200EFB359 /* PrasadasViewController.swift */; };
		765D52081D0AD91C00EFB359 /* TemplePrasadas.html in Resources */ = {isa = PBXBuildFile; fileRef = 765D52071D0AD91C00EFB359 /* TemplePrasadas.html */; };
		767CEA581D087BBF00B56B5E /* VideosTableViewCell.swift in Sources */ = {isa = PBXBuildFile; fileRef = 767CEA571D087BBF00B56B5E /* VideosTableViewCell.swift */; };
		76B78EB11D09878D00AA5488 /* YTPlayerView.m in Sources */ = {isa = PBXBuildFile; fileRef = 76B78EB01D09878D00AA5488 /* YTPlayerView.m */; };
		76B78EB31D0987F600AA5488 /* Assets.bundle in Resources */ = {isa = PBXBuildFile; fileRef = 76B78EB21D0987F600AA5488 /* Assets.bundle */; };
		76C23AFE1D0A94E700FB7C3D /* TempleFestivalsViewController.swift in Sources */ = {isa = PBXBuildFile; fileRef = 76C23AFD1D0A94E700FB7C3D /* TempleFestivalsViewController.swift */; };
		76F0D0651D07F04D0062B874 /* VideosViewController.swift in Sources */ = {isa = PBXBuildFile; fileRef = 76F0D0641D07F04D0062B874 /* VideosViewController.swift */; };

		D16515D61D07F287003D7A0D /* SongsTableViewCell.xib in Resources */ = {isa = PBXBuildFile; fileRef = D16515D51D07F287003D7A0D /* SongsTableViewCell.xib */; };
		D16515D81D07F2FC003D7A0D /* SongaViewController.swift in Sources */ = {isa = PBXBuildFile; fileRef = D16515D71D07F2FC003D7A0D /* SongaViewController.swift */; };
		D16515DA1D07F3A2003D7A0D /* SongsTableViewCell.swift in Sources */ = {isa = PBXBuildFile; fileRef = D16515D91D07F3A2003D7A0D /* SongsTableViewCell.swift */; };
		D16515DC1D07FA13003D7A0D /* Sreekara Subhakara-(Mr-Jatt.com).mp3 in Resources */ = {isa = PBXBuildFile; fileRef = D16515DB1D07FA13003D7A0D /* Sreekara Subhakara-(Mr-Jatt.com).mp3 */; };

/* End PBXBuildFile section */

/* Begin PBXContainerItemProxy section */
		71F8F02A1D06A283009B2A80 /* PBXContainerItemProxy */ = {
			isa = PBXContainerItemProxy;
			containerPortal = 71F8F00D1D06A280009B2A80 /* Project object */;
			proxyType = 1;
			remoteGlobalIDString = 71F8F0141D06A280009B2A80;
			remoteInfo = Yadadri;
		};
		71F8F0351D06A283009B2A80 /* PBXContainerItemProxy */ = {
			isa = PBXContainerItemProxy;
			containerPortal = 71F8F00D1D06A280009B2A80 /* Project object */;
			proxyType = 1;
			remoteGlobalIDString = 71F8F0141D06A280009B2A80;
			remoteInfo = Yadadri;
		};
/* End PBXContainerItemProxy section */

/* Begin PBXFileReference section */
		2AEB835BCB25DA00D169BB66 /* Pods-Yadadri.release.xcconfig */ = {isa = PBXFileReference; includeInIndex = 1; lastKnownFileType = text.xcconfig; name = "Pods-Yadadri.release.xcconfig"; path = "Pods/Target Support Files/Pods-Yadadri/Pods-Yadadri.release.xcconfig"; sourceTree = "<group>"; };
		2D7CEC19892391BEA0F7BC90 /* Pods-YadadriUITests.release.xcconfig */ = {isa = PBXFileReference; includeInIndex = 1; lastKnownFileType = text.xcconfig; name = "Pods-YadadriUITests.release.xcconfig"; path = "Pods/Target Support Files/Pods-YadadriUITests/Pods-YadadriUITests.release.xcconfig"; sourceTree = "<group>"; };
		4C6D0FBFC882D446AF52055E /* Pods_Yadadri.framework */ = {isa = PBXFileReference; explicitFileType = wrapper.framework; includeInIndex = 0; path = Pods_Yadadri.framework; sourceTree = BUILT_PRODUCTS_DIR; };
		5085CBB7C034B7879124AA06 /* Pods-YadadriTests.debug.xcconfig */ = {isa = PBXFileReference; includeInIndex = 1; lastKnownFileType = text.xcconfig; name = "Pods-YadadriTests.debug.xcconfig"; path = "Pods/Target Support Files/Pods-YadadriTests/Pods-YadadriTests.debug.xcconfig"; sourceTree = "<group>"; };
		65055EE8D202877AAAC89AD7 /* Pods_YadadriUITests.framework */ = {isa = PBXFileReference; explicitFileType = wrapper.framework; includeInIndex = 0; path = Pods_YadadriUITests.framework; sourceTree = BUILT_PRODUCTS_DIR; };
		712DAF1F1D07DF1400376DEB /* .gitignore */ = {isa = PBXFileReference; fileEncoding = 4; lastKnownFileType = text; path = .gitignore; sourceTree = "<group>"; };
		7150236E1D06E91900E06006 /* TempleTimingsViewController.swift */ = {isa = PBXFileReference; fileEncoding = 4; lastKnownFileType = sourcecode.swift; path = TempleTimingsViewController.swift; sourceTree = "<group>"; };
		715023701D06FA4500E06006 /* TempleTimingsCustomCell.swift */ = {isa = PBXFileReference; fileEncoding = 4; lastKnownFileType = sourcecode.swift; path = TempleTimingsCustomCell.swift; sourceTree = "<group>"; };
		715023721D07095E00E06006 /* SevasViewController.swift */ = {isa = PBXFileReference; fileEncoding = 4; lastKnownFileType = sourcecode.swift; path = SevasViewController.swift; sourceTree = "<group>"; };
		715023741D0709C200E06006 /* SevasCustomCell.swift */ = {isa = PBXFileReference; fileEncoding = 4; lastKnownFileType = sourcecode.swift; path = SevasCustomCell.swift; sourceTree = "<group>"; };
		715023761D07285C00E06006 /* DoAndDontViewController.swift */ = {isa = PBXFileReference; fileEncoding = 4; lastKnownFileType = sourcecode.swift; path = DoAndDontViewController.swift; sourceTree = "<group>"; };
		7150237A1D072BB300E06006 /* DoTableViewCell.swift */ = {isa = PBXFileReference; fileEncoding = 4; lastKnownFileType = sourcecode.swift; path = DoTableViewCell.swift; sourceTree = "<group>"; };
		7150237C1D07404500E06006 /* PrasadasViewController.swift */ = {isa = PBXFileReference; fileEncoding = 4; lastKnownFileType = sourcecode.swift; path = PrasadasViewController.swift; sourceTree = "<group>"; };
		71BB95101D0A7F05003A7BC7 /* Station.swift */ = {isa = PBXFileReference; fileEncoding = 4; lastKnownFileType = sourcecode.swift; path = Station.swift; sourceTree = "<group>"; };
		71BB95121D0A7F14003A7BC7 /* stations.plist */ = {isa = PBXFileReference; fileEncoding = 4; lastKnownFileType = text.plist.xml; path = stations.plist; sourceTree = "<group>"; };
		71BB95161D0A8E79003A7BC7 /* YadagiriAnnotation.swift */ = {isa = PBXFileReference; fileEncoding = 4; lastKnownFileType = sourcecode.swift; path = YadagiriAnnotation.swift; sourceTree = "<group>"; };
		71D08FB41D0AC84B00291878 /* surroundings.plist */ = {isa = PBXFileReference; fileEncoding = 4; lastKnownFileType = text.plist.xml; path = surroundings.plist; sourceTree = "<group>"; };
		71D08FB61D0AD21A00291878 /* Surroundings.swift */ = {isa = PBXFileReference; fileEncoding = 4; lastKnownFileType = sourcecode.swift; path = Surroundings.swift; sourceTree = "<group>"; };
		71D08FB81D0AE48100291878 /* YTPlayerViewController.swift */ = {isa = PBXFileReference; fileEncoding = 4; lastKnownFileType = sourcecode.swift; path = YTPlayerViewController.swift; sourceTree = "<group>"; };
		71D08FBA1D0AE4BB00291878 /* LocationsViewController.swift */ = {isa = PBXFileReference; fileEncoding = 4; lastKnownFileType = sourcecode.swift; path = LocationsViewController.swift; sourceTree = "<group>"; };
		71F8F0151D06A280009B2A80 /* Yadadri.app */ = {isa = PBXFileReference; explicitFileType = wrapper.application; includeInIndex = 0; path = Yadadri.app; sourceTree = BUILT_PRODUCTS_DIR; };
		71F8F0181D06A281009B2A80 /* AppDelegate.swift */ = {isa = PBXFileReference; lastKnownFileType = sourcecode.swift; path = AppDelegate.swift; sourceTree = "<group>"; };
		71F8F01A1D06A281009B2A80 /* ViewController.swift */ = {isa = PBXFileReference; lastKnownFileType = sourcecode.swift; path = ViewController.swift; sourceTree = "<group>"; };
		71F8F01D1D06A282009B2A80 /* Base */ = {isa = PBXFileReference; lastKnownFileType = file.storyboard; name = Base; path = Base.lproj/Main.storyboard; sourceTree = "<group>"; };
		71F8F01F1D06A282009B2A80 /* Assets.xcassets */ = {isa = PBXFileReference; lastKnownFileType = folder.assetcatalog; path = Assets.xcassets; sourceTree = "<group>"; };
		71F8F0221D06A282009B2A80 /* Base */ = {isa = PBXFileReference; lastKnownFileType = file.storyboard; name = Base; path = Base.lproj/LaunchScreen.storyboard; sourceTree = "<group>"; };
		71F8F0241D06A282009B2A80 /* Info.plist */ = {isa = PBXFileReference; lastKnownFileType = text.plist.xml; path = Info.plist; sourceTree = "<group>"; };
		71F8F0291D06A283009B2A80 /* YadadriTests.xctest */ = {isa = PBXFileReference; explicitFileType = wrapper.cfbundle; includeInIndex = 0; path = YadadriTests.xctest; sourceTree = BUILT_PRODUCTS_DIR; };
		71F8F02D1D06A283009B2A80 /* YadadriTests.swift */ = {isa = PBXFileReference; lastKnownFileType = sourcecode.swift; path = YadadriTests.swift; sourceTree = "<group>"; };
		71F8F02F1D06A283009B2A80 /* Info.plist */ = {isa = PBXFileReference; lastKnownFileType = text.plist.xml; path = Info.plist; sourceTree = "<group>"; };
		71F8F0341D06A283009B2A80 /* YadadriUITests.xctest */ = {isa = PBXFileReference; explicitFileType = wrapper.cfbundle; includeInIndex = 0; path = YadadriUITests.xctest; sourceTree = BUILT_PRODUCTS_DIR; };
		71F8F0381D06A283009B2A80 /* YadadriUITests.swift */ = {isa = PBXFileReference; lastKnownFileType = sourcecode.swift; path = YadadriUITests.swift; sourceTree = "<group>"; };
		71F8F03A1D06A283009B2A80 /* Info.plist */ = {isa = PBXFileReference; lastKnownFileType = text.plist.xml; path = Info.plist; sourceTree = "<group>"; };
		71F8F0471D06C029009B2A80 /* DetailTableViewController.swift */ = {isa = PBXFileReference; fileEncoding = 4; lastKnownFileType = sourcecode.swift; path = DetailTableViewController.swift; sourceTree = "<group>"; };
		71F8F0491D06DBD6009B2A80 /* TempleHistoryViewController.swift */ = {isa = PBXFileReference; fileEncoding = 4; lastKnownFileType = sourcecode.swift; path = TempleHistoryViewController.swift; sourceTree = "<group>"; };

		765D52011D0AC38D00EFB359 /* TempleFestivals.html */ = {isa = PBXFileReference; fileEncoding = 4; lastKnownFileType = text.html; path = TempleFestivals.html; sourceTree = "<group>"; };
		765D52031D0AC8B800EFB359 /* TempleHistory.html */ = {isa = PBXFileReference; fileEncoding = 4; lastKnownFileType = text.html; path = TempleHistory.html; sourceTree = "<group>"; };
		765D52051D0AD89200EFB359 /* PrasadasViewController.swift */ = {isa = PBXFileReference; fileEncoding = 4; lastKnownFileType = sourcecode.swift; path = PrasadasViewController.swift; sourceTree = "<group>"; };
		765D52071D0AD91C00EFB359 /* TemplePrasadas.html */ = {isa = PBXFileReference; fileEncoding = 4; lastKnownFileType = text.html; path = TemplePrasadas.html; sourceTree = "<group>"; };
		767CEA571D087BBF00B56B5E /* VideosTableViewCell.swift */ = {isa = PBXFileReference; fileEncoding = 4; lastKnownFileType = sourcecode.swift; path = VideosTableViewCell.swift; sourceTree = "<group>"; };
		76B78EAB1D0970E200AA5488 /* Yadadri-Bridging-Header.h */ = {isa = PBXFileReference; lastKnownFileType = sourcecode.c.h; path = "Yadadri-Bridging-Header.h"; sourceTree = "<group>"; };
		76B78EAF1D09878600AA5488 /* YTPlayerView.h */ = {isa = PBXFileReference; lastKnownFileType = sourcecode.c.h; path = YTPlayerView.h; sourceTree = "<group>"; };
		76B78EB01D09878D00AA5488 /* YTPlayerView.m */ = {isa = PBXFileReference; fileEncoding = 4; lastKnownFileType = sourcecode.c.objc; path = YTPlayerView.m; sourceTree = "<group>"; };
		76B78EB21D0987F600AA5488 /* Assets.bundle */ = {isa = PBXFileReference; lastKnownFileType = "wrapper.plug-in"; path = Assets.bundle; sourceTree = "<group>"; };
		76C23AFD1D0A94E700FB7C3D /* TempleFestivalsViewController.swift */ = {isa = PBXFileReference; fileEncoding = 4; lastKnownFileType = sourcecode.swift; path = TempleFestivalsViewController.swift; sourceTree = "<group>"; };
		76F0D0641D07F04D0062B874 /* VideosViewController.swift */ = {isa = PBXFileReference; fileEncoding = 4; lastKnownFileType = sourcecode.swift; path = VideosViewController.swift; sourceTree = "<group>"; };
		7CBE4023E9C204E68CC3A727 /* Pods-Yadadri.debug.xcconfig */ = {isa = PBXFileReference; includeInIndex = 1; lastKnownFileType = text.xcconfig; name = "Pods-Yadadri.debug.xcconfig"; path = "Pods/Target Support Files/Pods-Yadadri/Pods-Yadadri.debug.xcconfig"; sourceTree = "<group>"; };
		7CD686FA829F73E0275FE466 /* Pods-YadadriUITests.debug.xcconfig */ = {isa = PBXFileReference; includeInIndex = 1; lastKnownFileType = text.xcconfig; name = "Pods-YadadriUITests.debug.xcconfig"; path = "Pods/Target Support Files/Pods-YadadriUITests/Pods-YadadriUITests.debug.xcconfig"; sourceTree = "<group>"; };
		97E4D632FC0BFDB3B7802D13 /* Pods_YadadriTests.framework */ = {isa = PBXFileReference; explicitFileType = wrapper.framework; includeInIndex = 0; path = Pods_YadadriTests.framework; sourceTree = BUILT_PRODUCTS_DIR; };
		A1D4A838CF791316D0B9AE98 /* Pods-YadadriTests.release.xcconfig */ = {isa = PBXFileReference; includeInIndex = 1; lastKnownFileType = text.xcconfig; name = "Pods-YadadriTests.release.xcconfig"; path = "Pods/Target Support Files/Pods-YadadriTests/Pods-YadadriTests.release.xcconfig"; sourceTree = "<group>"; };

		D16515D51D07F287003D7A0D /* SongsTableViewCell.xib */ = {isa = PBXFileReference; fileEncoding = 4; lastKnownFileType = file.xib; path = SongsTableViewCell.xib; sourceTree = "<group>"; };
		D16515D71D07F2FC003D7A0D /* SongaViewController.swift */ = {isa = PBXFileReference; fileEncoding = 4; lastKnownFileType = sourcecode.swift; path = SongaViewController.swift; sourceTree = "<group>"; };
		D16515D91D07F3A2003D7A0D /* SongsTableViewCell.swift */ = {isa = PBXFileReference; fileEncoding = 4; lastKnownFileType = sourcecode.swift; path = SongsTableViewCell.swift; sourceTree = "<group>"; };
		D16515DB1D07FA13003D7A0D /* Sreekara Subhakara-(Mr-Jatt.com).mp3 */ = {isa = PBXFileReference; lastKnownFileType = audio.mp3; path = "Sreekara Subhakara-(Mr-Jatt.com).mp3"; sourceTree = "<group>"; };

/* End PBXFileReference section */

/* Begin PBXFrameworksBuildPhase section */
		71F8F0121D06A280009B2A80 /* Frameworks */ = {
			isa = PBXFrameworksBuildPhase;
			buildActionMask = 2147483647;
			files = (
				137F6CBE529258C2FEB96194 /* Pods_Yadadri.framework in Frameworks */,
			);
			runOnlyForDeploymentPostprocessing = 0;
		};
		71F8F0261D06A283009B2A80 /* Frameworks */ = {
			isa = PBXFrameworksBuildPhase;
			buildActionMask = 2147483647;
			files = (
				35217F9E00077791E0B435B2 /* Pods_YadadriTests.framework in Frameworks */,
			);
			runOnlyForDeploymentPostprocessing = 0;
		};
		71F8F0311D06A283009B2A80 /* Frameworks */ = {
			isa = PBXFrameworksBuildPhase;
			buildActionMask = 2147483647;
			files = (
				2CA92401D94FFB6D115167A9 /* Pods_YadadriUITests.framework in Frameworks */,
			);
			runOnlyForDeploymentPostprocessing = 0;
		};
/* End PBXFrameworksBuildPhase section */

/* Begin PBXGroup section */
		002B5FA4C7126B8908BA43C2 /* Pods */ = {
			isa = PBXGroup;
			children = (
				7CBE4023E9C204E68CC3A727 /* Pods-Yadadri.debug.xcconfig */,
				2AEB835BCB25DA00D169BB66 /* Pods-Yadadri.release.xcconfig */,
				5085CBB7C034B7879124AA06 /* Pods-YadadriTests.debug.xcconfig */,
				A1D4A838CF791316D0B9AE98 /* Pods-YadadriTests.release.xcconfig */,
				7CD686FA829F73E0275FE466 /* Pods-YadadriUITests.debug.xcconfig */,
				2D7CEC19892391BEA0F7BC90 /* Pods-YadadriUITests.release.xcconfig */,
			);
			name = Pods;
			sourceTree = "<group>";
		};
		71BB95141D0A8129003A7BC7 /* Maplocations */ = {
			isa = PBXGroup;
			children = (
				71BB95161D0A8E79003A7BC7 /* YadagiriAnnotation.swift */,
				71BB95101D0A7F05003A7BC7 /* Station.swift */,
				71D08FB61D0AD21A00291878 /* Surroundings.swift */,
				71BB95121D0A7F14003A7BC7 /* stations.plist */,
				71D08FB41D0AC84B00291878 /* surroundings.plist */,
				71D08FBA1D0AE4BB00291878 /* LocationsViewController.swift */,
			);
			name = Maplocations;
			sourceTree = "<group>";
		};
		71BB95151D0A8166003A7BC7 /* VideosPlay */ = {
			isa = PBXGroup;
			children = (
				76B78EAF1D09878600AA5488 /* YTPlayerView.h */,
				76B78EB01D09878D00AA5488 /* YTPlayerView.m */,
				71D08FB81D0AE48100291878 /* YTPlayerViewController.swift */,
			);
			name = VideosPlay;
			sourceTree = "<group>";
		};
		71F8F00C1D06A280009B2A80 = {
			isa = PBXGroup;
			children = (
				712DAF1F1D07DF1400376DEB /* .gitignore */,
				71F8F0171D06A281009B2A80 /* Yadadri */,
				71F8F02C1D06A283009B2A80 /* YadadriTests */,
				71F8F0371D06A283009B2A80 /* YadadriUITests */,
				71F8F0161D06A280009B2A80 /* Products */,
				002B5FA4C7126B8908BA43C2 /* Pods */,
				EF7719CB286D57A4705692BD /* Frameworks */,
			);
			sourceTree = "<group>";
		};
		71F8F0161D06A280009B2A80 /* Products */ = {
			isa = PBXGroup;
			children = (
				71F8F0151D06A280009B2A80 /* Yadadri.app */,
				71F8F0291D06A283009B2A80 /* YadadriTests.xctest */,
				71F8F0341D06A283009B2A80 /* YadadriUITests.xctest */,
			);
			name = Products;
			sourceTree = "<group>";
		};
		71F8F0171D06A281009B2A80 /* Yadadri */ = {
			isa = PBXGroup;
			children = (
				71F8F0181D06A281009B2A80 /* AppDelegate.swift */,
				71BB95151D0A8166003A7BC7 /* VideosPlay */,
				71BB95141D0A8129003A7BC7 /* Maplocations */,
				71F8F01A1D06A281009B2A80 /* ViewController.swift */,
				71F8F0471D06C029009B2A80 /* DetailTableViewController.swift */,
				715023761D07285C00E06006 /* DoAndDontViewController.swift */,
				7150237A1D072BB300E06006 /* DoTableViewCell.swift */,
				71F8F0491D06DBD6009B2A80 /* TempleHistoryViewController.swift */,
				765D52051D0AD89200EFB359 /* PrasadasViewController.swift */,
				7150236E1D06E91900E06006 /* TempleTimingsViewController.swift */,
				715023701D06FA4500E06006 /* TempleTimingsCustomCell.swift */,
				715023721D07095E00E06006 /* SevasViewController.swift */,
				715023741D0709C200E06006 /* SevasCustomCell.swift */,
				7150237C1D07404500E06006 /* PrasadasViewController.swift */,

				76F0D0641D07F04D0062B874 /* VideosViewController.swift */,
				767CEA571D087BBF00B56B5E /* VideosTableViewCell.swift */,
				76C23AFD1D0A94E700FB7C3D /* TempleFestivalsViewController.swift */,
				76B78EB21D0987F600AA5488 /* Assets.bundle */,

				D16515D71D07F2FC003D7A0D /* SongaViewController.swift */,
				D16515D91D07F3A2003D7A0D /* SongsTableViewCell.swift */,
				D16515D51D07F287003D7A0D /* SongsTableViewCell.xib */,
				D16515DB1D07FA13003D7A0D /* Sreekara Subhakara-(Mr-Jatt.com).mp3 */,

				71F8F01C1D06A282009B2A80 /* Main.storyboard */,
				71F8F01F1D06A282009B2A80 /* Assets.xcassets */,
				71F8F0211D06A282009B2A80 /* LaunchScreen.storyboard */,
				71F8F0241D06A282009B2A80 /* Info.plist */,
				76B78EAB1D0970E200AA5488 /* Yadadri-Bridging-Header.h */,
				765D52011D0AC38D00EFB359 /* TempleFestivals.html */,
				765D52031D0AC8B800EFB359 /* TempleHistory.html */,
				765D52071D0AD91C00EFB359 /* TemplePrasadas.html */,
			);
			path = Yadadri;
			sourceTree = "<group>";
		};
		71F8F02C1D06A283009B2A80 /* YadadriTests */ = {
			isa = PBXGroup;
			children = (
				71F8F02D1D06A283009B2A80 /* YadadriTests.swift */,
				71F8F02F1D06A283009B2A80 /* Info.plist */,
			);
			path = YadadriTests;
			sourceTree = "<group>";
		};
		71F8F0371D06A283009B2A80 /* YadadriUITests */ = {
			isa = PBXGroup;
			children = (
				71F8F0381D06A283009B2A80 /* YadadriUITests.swift */,
				71F8F03A1D06A283009B2A80 /* Info.plist */,
			);
			path = YadadriUITests;
			sourceTree = "<group>";
		};
		EF7719CB286D57A4705692BD /* Frameworks */ = {
			isa = PBXGroup;
			children = (
				4C6D0FBFC882D446AF52055E /* Pods_Yadadri.framework */,
				97E4D632FC0BFDB3B7802D13 /* Pods_YadadriTests.framework */,
				65055EE8D202877AAAC89AD7 /* Pods_YadadriUITests.framework */,
			);
			name = Frameworks;
			sourceTree = "<group>";
		};
/* End PBXGroup section */

/* Begin PBXNativeTarget section */
		71F8F0141D06A280009B2A80 /* Yadadri */ = {
			isa = PBXNativeTarget;
			buildConfigurationList = 71F8F03D1D06A283009B2A80 /* Build configuration list for PBXNativeTarget "Yadadri" */;
			buildPhases = (
				E7EB80D8686E4CFC04594D55 /* 📦 Check Pods Manifest.lock */,
				71F8F0111D06A280009B2A80 /* Sources */,
				71F8F0121D06A280009B2A80 /* Frameworks */,
				71F8F0131D06A280009B2A80 /* Resources */,
				4267361456B188F092734B83 /* 📦 Embed Pods Frameworks */,
				5B26A5BF3BDFDA894763140F /* 📦 Copy Pods Resources */,
			);
			buildRules = (
			);
			dependencies = (
			);
			name = Yadadri;
			productName = Yadadri;
			productReference = 71F8F0151D06A280009B2A80 /* Yadadri.app */;
			productType = "com.apple.product-type.application";
		};
		71F8F0281D06A283009B2A80 /* YadadriTests */ = {
			isa = PBXNativeTarget;
			buildConfigurationList = 71F8F0401D06A283009B2A80 /* Build configuration list for PBXNativeTarget "YadadriTests" */;
			buildPhases = (
				111B31EB2B5C4861F7E05217 /* 📦 Check Pods Manifest.lock */,
				71F8F0251D06A283009B2A80 /* Sources */,
				71F8F0261D06A283009B2A80 /* Frameworks */,
				71F8F0271D06A283009B2A80 /* Resources */,
				F2F6C378028EC28B19EB0CFC /* 📦 Embed Pods Frameworks */,
				2BA4197DB8C39DD79BFEB782 /* 📦 Copy Pods Resources */,
			);
			buildRules = (
			);
			dependencies = (
				71F8F02B1D06A283009B2A80 /* PBXTargetDependency */,
			);
			name = YadadriTests;
			productName = YadadriTests;
			productReference = 71F8F0291D06A283009B2A80 /* YadadriTests.xctest */;
			productType = "com.apple.product-type.bundle.unit-test";
		};
		71F8F0331D06A283009B2A80 /* YadadriUITests */ = {
			isa = PBXNativeTarget;
			buildConfigurationList = 71F8F0431D06A283009B2A80 /* Build configuration list for PBXNativeTarget "YadadriUITests" */;
			buildPhases = (
				A3F12D45509A9F2DCA3B0A07 /* 📦 Check Pods Manifest.lock */,
				71F8F0301D06A283009B2A80 /* Sources */,
				71F8F0311D06A283009B2A80 /* Frameworks */,
				71F8F0321D06A283009B2A80 /* Resources */,
				90220D9BAC2773196180631E /* 📦 Copy Pods Resources */,
			);
			buildRules = (
			);
			dependencies = (
				71F8F0361D06A283009B2A80 /* PBXTargetDependency */,
			);
			name = YadadriUITests;
			productName = YadadriUITests;
			productReference = 71F8F0341D06A283009B2A80 /* YadadriUITests.xctest */;
			productType = "com.apple.product-type.bundle.ui-testing";
		};
/* End PBXNativeTarget section */

/* Begin PBXProject section */
		71F8F00D1D06A280009B2A80 /* Project object */ = {
			isa = PBXProject;
			attributes = {
				LastSwiftUpdateCheck = 0730;
				LastUpgradeCheck = 0730;
				ORGANIZATIONNAME = "Kvana Inc 2";
				TargetAttributes = {
					71F8F0141D06A280009B2A80 = {
						CreatedOnToolsVersion = 7.3;
						DevelopmentTeam = AX766J88NA;
					};
					71F8F0281D06A283009B2A80 = {
						CreatedOnToolsVersion = 7.3;
						TestTargetID = 71F8F0141D06A280009B2A80;
					};
					71F8F0331D06A283009B2A80 = {
						CreatedOnToolsVersion = 7.3;
						TestTargetID = 71F8F0141D06A280009B2A80;
					};
				};
			};
			buildConfigurationList = 71F8F0101D06A280009B2A80 /* Build configuration list for PBXProject "Yadadri" */;
			compatibilityVersion = "Xcode 3.2";
			developmentRegion = English;
			hasScannedForEncodings = 0;
			knownRegions = (
				en,
				Base,
			);
			mainGroup = 71F8F00C1D06A280009B2A80;
			productRefGroup = 71F8F0161D06A280009B2A80 /* Products */;
			projectDirPath = "";
			projectRoot = "";
			targets = (
				71F8F0141D06A280009B2A80 /* Yadadri */,
				71F8F0281D06A283009B2A80 /* YadadriTests */,
				71F8F0331D06A283009B2A80 /* YadadriUITests */,
			);
		};
/* End PBXProject section */

/* Begin PBXResourcesBuildPhase section */
		71F8F0131D06A280009B2A80 /* Resources */ = {
			isa = PBXResourcesBuildPhase;
			buildActionMask = 2147483647;
			files = (

				765D52041D0AC8B800EFB359 /* TempleHistory.html in Resources */,
				76B78EB31D0987F600AA5488 /* Assets.bundle in Resources */,

				D16515DC1D07FA13003D7A0D /* Sreekara Subhakara-(Mr-Jatt.com).mp3 in Resources */,

				712DAF201D07DF1400376DEB /* .gitignore in Resources */,
				71F8F0231D06A282009B2A80 /* LaunchScreen.storyboard in Resources */,
				71D08FB51D0AC84B00291878 /* surroundings.plist in Resources */,
				71BB95131D0A7F14003A7BC7 /* stations.plist in Resources */,
				765D52081D0AD91C00EFB359 /* TemplePrasadas.html in Resources */,
				765D52021D0AC38D00EFB359 /* TempleFestivals.html in Resources */,
				71F8F0201D06A282009B2A80 /* Assets.xcassets in Resources */,
				71F8F01E1D06A282009B2A80 /* Main.storyboard in Resources */,
				D16515D61D07F287003D7A0D /* SongsTableViewCell.xib in Resources */,
			);
			runOnlyForDeploymentPostprocessing = 0;
		};
		71F8F0271D06A283009B2A80 /* Resources */ = {
			isa = PBXResourcesBuildPhase;
			buildActionMask = 2147483647;
			files = (
			);
			runOnlyForDeploymentPostprocessing = 0;
		};
		71F8F0321D06A283009B2A80 /* Resources */ = {
			isa = PBXResourcesBuildPhase;
			buildActionMask = 2147483647;
			files = (
			);
			runOnlyForDeploymentPostprocessing = 0;
		};
/* End PBXResourcesBuildPhase section */

/* Begin PBXShellScriptBuildPhase section */
		111B31EB2B5C4861F7E05217 /* 📦 Check Pods Manifest.lock */ = {
			isa = PBXShellScriptBuildPhase;
			buildActionMask = 2147483647;
			files = (
			);
			inputPaths = (
			);
			name = "📦 Check Pods Manifest.lock";
			outputPaths = (
			);
			runOnlyForDeploymentPostprocessing = 0;
			shellPath = /bin/sh;
			shellScript = "diff \"${PODS_ROOT}/../Podfile.lock\" \"${PODS_ROOT}/Manifest.lock\" > /dev/null\nif [[ $? != 0 ]] ; then\n    cat << EOM\nerror: The sandbox is not in sync with the Podfile.lock. Run 'pod install' or update your CocoaPods installation.\nEOM\n    exit 1\nfi\n";
			showEnvVarsInLog = 0;
		};
		2BA4197DB8C39DD79BFEB782 /* 📦 Copy Pods Resources */ = {
			isa = PBXShellScriptBuildPhase;
			buildActionMask = 2147483647;
			files = (
			);
			inputPaths = (
			);
			name = "📦 Copy Pods Resources";
			outputPaths = (
			);
			runOnlyForDeploymentPostprocessing = 0;
			shellPath = /bin/sh;
			shellScript = "\"${SRCROOT}/Pods/Target Support Files/Pods-YadadriTests/Pods-YadadriTests-resources.sh\"\n";
			showEnvVarsInLog = 0;
		};
		4267361456B188F092734B83 /* 📦 Embed Pods Frameworks */ = {
			isa = PBXShellScriptBuildPhase;
			buildActionMask = 2147483647;
			files = (
			);
			inputPaths = (
			);
			name = "📦 Embed Pods Frameworks";
			outputPaths = (
			);
			runOnlyForDeploymentPostprocessing = 0;
			shellPath = /bin/sh;
			shellScript = "\"${SRCROOT}/Pods/Target Support Files/Pods-Yadadri/Pods-Yadadri-frameworks.sh\"\n";
			showEnvVarsInLog = 0;
		};
		5B26A5BF3BDFDA894763140F /* 📦 Copy Pods Resources */ = {
			isa = PBXShellScriptBuildPhase;
			buildActionMask = 2147483647;
			files = (
			);
			inputPaths = (
			);
			name = "📦 Copy Pods Resources";
			outputPaths = (
			);
			runOnlyForDeploymentPostprocessing = 0;
			shellPath = /bin/sh;
			shellScript = "\"${SRCROOT}/Pods/Target Support Files/Pods-Yadadri/Pods-Yadadri-resources.sh\"\n";
			showEnvVarsInLog = 0;
		};
		90220D9BAC2773196180631E /* 📦 Copy Pods Resources */ = {
			isa = PBXShellScriptBuildPhase;
			buildActionMask = 2147483647;
			files = (
			);
			inputPaths = (
			);
			name = "📦 Copy Pods Resources";
			outputPaths = (
			);
			runOnlyForDeploymentPostprocessing = 0;
			shellPath = /bin/sh;
			shellScript = "\"${SRCROOT}/Pods/Target Support Files/Pods-YadadriUITests/Pods-YadadriUITests-resources.sh\"\n";
			showEnvVarsInLog = 0;
		};
		A3F12D45509A9F2DCA3B0A07 /* 📦 Check Pods Manifest.lock */ = {
			isa = PBXShellScriptBuildPhase;
			buildActionMask = 2147483647;
			files = (
			);
			inputPaths = (
			);
			name = "📦 Check Pods Manifest.lock";
			outputPaths = (
			);
			runOnlyForDeploymentPostprocessing = 0;
			shellPath = /bin/sh;
			shellScript = "diff \"${PODS_ROOT}/../Podfile.lock\" \"${PODS_ROOT}/Manifest.lock\" > /dev/null\nif [[ $? != 0 ]] ; then\n    cat << EOM\nerror: The sandbox is not in sync with the Podfile.lock. Run 'pod install' or update your CocoaPods installation.\nEOM\n    exit 1\nfi\n";
			showEnvVarsInLog = 0;
		};
		E7EB80D8686E4CFC04594D55 /* 📦 Check Pods Manifest.lock */ = {
			isa = PBXShellScriptBuildPhase;
			buildActionMask = 2147483647;
			files = (
			);
			inputPaths = (
			);
			name = "📦 Check Pods Manifest.lock";
			outputPaths = (
			);
			runOnlyForDeploymentPostprocessing = 0;
			shellPath = /bin/sh;
			shellScript = "diff \"${PODS_ROOT}/../Podfile.lock\" \"${PODS_ROOT}/Manifest.lock\" > /dev/null\nif [[ $? != 0 ]] ; then\n    cat << EOM\nerror: The sandbox is not in sync with the Podfile.lock. Run 'pod install' or update your CocoaPods installation.\nEOM\n    exit 1\nfi\n";
			showEnvVarsInLog = 0;
		};
		F2F6C378028EC28B19EB0CFC /* 📦 Embed Pods Frameworks */ = {
			isa = PBXShellScriptBuildPhase;
			buildActionMask = 2147483647;
			files = (
			);
			inputPaths = (
			);
			name = "📦 Embed Pods Frameworks";
			outputPaths = (
			);
			runOnlyForDeploymentPostprocessing = 0;
			shellPath = /bin/sh;
			shellScript = "\"${SRCROOT}/Pods/Target Support Files/Pods-YadadriTests/Pods-YadadriTests-frameworks.sh\"\n";
			showEnvVarsInLog = 0;
		};
/* End PBXShellScriptBuildPhase section */

/* Begin PBXSourcesBuildPhase section */
		71F8F0111D06A280009B2A80 /* Sources */ = {
			isa = PBXSourcesBuildPhase;
			buildActionMask = 2147483647;
			files = (
				715023731D07095E00E06006 /* SevasViewController.swift in Sources */,
				715023751D0709C200E06006 /* SevasCustomCell.swift in Sources */,
				765D52061D0AD89200EFB359 /* PrasadasViewController.swift in Sources */,
				71F8F04A1D06DBD6009B2A80 /* TempleHistoryViewController.swift in Sources */,
				71F8F0481D06C029009B2A80 /* DetailTableViewController.swift in Sources */,
				71F8F01B1D06A281009B2A80 /* ViewController.swift in Sources */,
				76F0D0651D07F04D0062B874 /* VideosViewController.swift in Sources */,
				767CEA581D087BBF00B56B5E /* VideosTableViewCell.swift in Sources */,
				715023771D07285C00E06006 /* DoAndDontViewController.swift in Sources */,

				71BB95171D0A8E79003A7BC7 /* YadagiriAnnotation.swift in Sources */,

				D16515D81D07F2FC003D7A0D /* SongaViewController.swift in Sources */,

				715023711D06FA4500E06006 /* TempleTimingsCustomCell.swift in Sources */,
				71D08FBB1D0AE4BB00291878 /* LocationsViewController.swift in Sources */,
				7150236F1D06E91900E06006 /* TempleTimingsViewController.swift in Sources */,
				D16515DA1D07F3A2003D7A0D /* SongsTableViewCell.swift in Sources */,
				7150237B1D072BB300E06006 /* DoTableViewCell.swift in Sources */,
				76B78EB11D09878D00AA5488 /* YTPlayerView.m in Sources */,
				71F8F0191D06A281009B2A80 /* AppDelegate.swift in Sources */,
				71BB95111D0A7F05003A7BC7 /* Station.swift in Sources */,
				71D08FB71D0AD21A00291878 /* Surroundings.swift in Sources */,
				76C23AFE1D0A94E700FB7C3D /* TempleFestivalsViewController.swift in Sources */,
				71D08FB91D0AE48100291878 /* YTPlayerViewController.swift in Sources */,
			);
			runOnlyForDeploymentPostprocessing = 0;
		};
		71F8F0251D06A283009B2A80 /* Sources */ = {
			isa = PBXSourcesBuildPhase;
			buildActionMask = 2147483647;
			files = (
				71F8F02E1D06A283009B2A80 /* YadadriTests.swift in Sources */,
			);
			runOnlyForDeploymentPostprocessing = 0;
		};
		71F8F0301D06A283009B2A80 /* Sources */ = {
			isa = PBXSourcesBuildPhase;
			buildActionMask = 2147483647;
			files = (
				71F8F0391D06A283009B2A80 /* YadadriUITests.swift in Sources */,
			);
			runOnlyForDeploymentPostprocessing = 0;
		};
/* End PBXSourcesBuildPhase section */

/* Begin PBXTargetDependency section */
		71F8F02B1D06A283009B2A80 /* PBXTargetDependency */ = {
			isa = PBXTargetDependency;
			target = 71F8F0141D06A280009B2A80 /* Yadadri */;
			targetProxy = 71F8F02A1D06A283009B2A80 /* PBXContainerItemProxy */;
		};
		71F8F0361D06A283009B2A80 /* PBXTargetDependency */ = {
			isa = PBXTargetDependency;
			target = 71F8F0141D06A280009B2A80 /* Yadadri */;
			targetProxy = 71F8F0351D06A283009B2A80 /* PBXContainerItemProxy */;
		};
/* End PBXTargetDependency section */

/* Begin PBXVariantGroup section */
		71F8F01C1D06A282009B2A80 /* Main.storyboard */ = {
			isa = PBXVariantGroup;
			children = (
				71F8F01D1D06A282009B2A80 /* Base */,
			);
			name = Main.storyboard;
			sourceTree = "<group>";
		};
		71F8F0211D06A282009B2A80 /* LaunchScreen.storyboard */ = {
			isa = PBXVariantGroup;
			children = (
				71F8F0221D06A282009B2A80 /* Base */,
			);
			name = LaunchScreen.storyboard;
			sourceTree = "<group>";
		};
/* End PBXVariantGroup section */

/* Begin XCBuildConfiguration section */
		71F8F03B1D06A283009B2A80 /* Debug */ = {
			isa = XCBuildConfiguration;
			buildSettings = {
				ALWAYS_SEARCH_USER_PATHS = NO;
				CLANG_ANALYZER_NONNULL = YES;
				CLANG_CXX_LANGUAGE_STANDARD = "gnu++0x";
				CLANG_CXX_LIBRARY = "libc++";
				CLANG_ENABLE_MODULES = YES;
				CLANG_ENABLE_OBJC_ARC = YES;
				CLANG_WARN_BOOL_CONVERSION = YES;
				CLANG_WARN_CONSTANT_CONVERSION = YES;
				CLANG_WARN_DIRECT_OBJC_ISA_USAGE = YES_ERROR;
				CLANG_WARN_EMPTY_BODY = YES;
				CLANG_WARN_ENUM_CONVERSION = YES;
				CLANG_WARN_INT_CONVERSION = YES;
				CLANG_WARN_OBJC_ROOT_CLASS = YES_ERROR;
				CLANG_WARN_UNREACHABLE_CODE = YES;
				CLANG_WARN__DUPLICATE_METHOD_MATCH = YES;
				"CODE_SIGN_IDENTITY[sdk=iphoneos*]" = "iPhone Developer";
				COPY_PHASE_STRIP = NO;
				DEBUG_INFORMATION_FORMAT = dwarf;
				ENABLE_STRICT_OBJC_MSGSEND = YES;
				ENABLE_TESTABILITY = YES;
				GCC_C_LANGUAGE_STANDARD = gnu99;
				GCC_DYNAMIC_NO_PIC = NO;
				GCC_NO_COMMON_BLOCKS = YES;
				GCC_OPTIMIZATION_LEVEL = 0;
				GCC_PREPROCESSOR_DEFINITIONS = (
					"DEBUG=1",
					"$(inherited)",
				);
				GCC_WARN_64_TO_32_BIT_CONVERSION = YES;
				GCC_WARN_ABOUT_RETURN_TYPE = YES_ERROR;
				GCC_WARN_UNDECLARED_SELECTOR = YES;
				GCC_WARN_UNINITIALIZED_AUTOS = YES_AGGRESSIVE;
				GCC_WARN_UNUSED_FUNCTION = YES;
				GCC_WARN_UNUSED_VARIABLE = YES;
				IPHONEOS_DEPLOYMENT_TARGET = 9.3;
				MTL_ENABLE_DEBUG_INFO = YES;
				ONLY_ACTIVE_ARCH = YES;
				SDKROOT = iphoneos;
				SWIFT_OPTIMIZATION_LEVEL = "-Onone";
			};
			name = Debug;
		};
		71F8F03C1D06A283009B2A80 /* Release */ = {
			isa = XCBuildConfiguration;
			buildSettings = {
				ALWAYS_SEARCH_USER_PATHS = NO;
				CLANG_ANALYZER_NONNULL = YES;
				CLANG_CXX_LANGUAGE_STANDARD = "gnu++0x";
				CLANG_CXX_LIBRARY = "libc++";
				CLANG_ENABLE_MODULES = YES;
				CLANG_ENABLE_OBJC_ARC = YES;
				CLANG_WARN_BOOL_CONVERSION = YES;
				CLANG_WARN_CONSTANT_CONVERSION = YES;
				CLANG_WARN_DIRECT_OBJC_ISA_USAGE = YES_ERROR;
				CLANG_WARN_EMPTY_BODY = YES;
				CLANG_WARN_ENUM_CONVERSION = YES;
				CLANG_WARN_INT_CONVERSION = YES;
				CLANG_WARN_OBJC_ROOT_CLASS = YES_ERROR;
				CLANG_WARN_UNREACHABLE_CODE = YES;
				CLANG_WARN__DUPLICATE_METHOD_MATCH = YES;
				"CODE_SIGN_IDENTITY[sdk=iphoneos*]" = "iPhone Developer";
				COPY_PHASE_STRIP = NO;
				DEBUG_INFORMATION_FORMAT = "dwarf-with-dsym";
				ENABLE_NS_ASSERTIONS = NO;
				ENABLE_STRICT_OBJC_MSGSEND = YES;
				GCC_C_LANGUAGE_STANDARD = gnu99;
				GCC_NO_COMMON_BLOCKS = YES;
				GCC_WARN_64_TO_32_BIT_CONVERSION = YES;
				GCC_WARN_ABOUT_RETURN_TYPE = YES_ERROR;
				GCC_WARN_UNDECLARED_SELECTOR = YES;
				GCC_WARN_UNINITIALIZED_AUTOS = YES_AGGRESSIVE;
				GCC_WARN_UNUSED_FUNCTION = YES;
				GCC_WARN_UNUSED_VARIABLE = YES;
				IPHONEOS_DEPLOYMENT_TARGET = 9.3;
				MTL_ENABLE_DEBUG_INFO = NO;
				SDKROOT = iphoneos;
				VALIDATE_PRODUCT = YES;
			};
			name = Release;
		};
		71F8F03E1D06A283009B2A80 /* Debug */ = {
			isa = XCBuildConfiguration;
			baseConfigurationReference = 7CBE4023E9C204E68CC3A727 /* Pods-Yadadri.debug.xcconfig */;
			buildSettings = {
				ASSETCATALOG_COMPILER_APPICON_NAME = AppIcon;
				CLANG_ENABLE_MODULES = YES;
				CODE_SIGN_IDENTITY = "iPhone Developer";
				"CODE_SIGN_IDENTITY[sdk=iphoneos*]" = "iPhone Developer";
				INFOPLIST_FILE = Yadadri/Info.plist;
				LD_RUNPATH_SEARCH_PATHS = "$(inherited) @executable_path/Frameworks";
				PRODUCT_BUNDLE_IDENTIFIER = com.Yadadri;
				PRODUCT_NAME = "$(TARGET_NAME)";
				PROVISIONING_PROFILE = "";
				SWIFT_OBJC_BRIDGING_HEADER = "Yadadri/Yadadri-Bridging-Header.h";
				SWIFT_OPTIMIZATION_LEVEL = "-Onone";
			};
			name = Debug;
		};
		71F8F03F1D06A283009B2A80 /* Release */ = {
			isa = XCBuildConfiguration;
			baseConfigurationReference = 2AEB835BCB25DA00D169BB66 /* Pods-Yadadri.release.xcconfig */;
			buildSettings = {
				ASSETCATALOG_COMPILER_APPICON_NAME = AppIcon;
				CLANG_ENABLE_MODULES = YES;
				CODE_SIGN_IDENTITY = "iPhone Developer";
				"CODE_SIGN_IDENTITY[sdk=iphoneos*]" = "iPhone Developer";
				INFOPLIST_FILE = Yadadri/Info.plist;
				LD_RUNPATH_SEARCH_PATHS = "$(inherited) @executable_path/Frameworks";
				PRODUCT_BUNDLE_IDENTIFIER = com.Yadadri;
				PRODUCT_NAME = "$(TARGET_NAME)";
				PROVISIONING_PROFILE = "";
				SWIFT_OBJC_BRIDGING_HEADER = "Yadadri/Yadadri-Bridging-Header.h";
			};
			name = Release;
		};
		71F8F0411D06A283009B2A80 /* Debug */ = {
			isa = XCBuildConfiguration;
			baseConfigurationReference = 5085CBB7C034B7879124AA06 /* Pods-YadadriTests.debug.xcconfig */;
			buildSettings = {
				BUNDLE_LOADER = "$(TEST_HOST)";
				INFOPLIST_FILE = YadadriTests/Info.plist;
				LD_RUNPATH_SEARCH_PATHS = "$(inherited) @executable_path/Frameworks @loader_path/Frameworks";
				PRODUCT_BUNDLE_IDENTIFIER = com.YadadriTests;
				PRODUCT_NAME = "$(TARGET_NAME)";
				TEST_HOST = "$(BUILT_PRODUCTS_DIR)/Yadadri.app/Yadadri";
			};
			name = Debug;
		};
		71F8F0421D06A283009B2A80 /* Release */ = {
			isa = XCBuildConfiguration;
			baseConfigurationReference = A1D4A838CF791316D0B9AE98 /* Pods-YadadriTests.release.xcconfig */;
			buildSettings = {
				BUNDLE_LOADER = "$(TEST_HOST)";
				INFOPLIST_FILE = YadadriTests/Info.plist;
				LD_RUNPATH_SEARCH_PATHS = "$(inherited) @executable_path/Frameworks @loader_path/Frameworks";
				PRODUCT_BUNDLE_IDENTIFIER = com.YadadriTests;
				PRODUCT_NAME = "$(TARGET_NAME)";
				TEST_HOST = "$(BUILT_PRODUCTS_DIR)/Yadadri.app/Yadadri";
			};
			name = Release;
		};
		71F8F0441D06A283009B2A80 /* Debug */ = {
			isa = XCBuildConfiguration;
			baseConfigurationReference = 7CD686FA829F73E0275FE466 /* Pods-YadadriUITests.debug.xcconfig */;
			buildSettings = {
				INFOPLIST_FILE = YadadriUITests/Info.plist;
				LD_RUNPATH_SEARCH_PATHS = "$(inherited) @executable_path/Frameworks @loader_path/Frameworks";
				PRODUCT_BUNDLE_IDENTIFIER = com.YadadriUITests;
				PRODUCT_NAME = "$(TARGET_NAME)";
				TEST_TARGET_NAME = Yadadri;
			};
			name = Debug;
		};
		71F8F0451D06A283009B2A80 /* Release */ = {
			isa = XCBuildConfiguration;
			baseConfigurationReference = 2D7CEC19892391BEA0F7BC90 /* Pods-YadadriUITests.release.xcconfig */;
			buildSettings = {
				INFOPLIST_FILE = YadadriUITests/Info.plist;
				LD_RUNPATH_SEARCH_PATHS = "$(inherited) @executable_path/Frameworks @loader_path/Frameworks";
				PRODUCT_BUNDLE_IDENTIFIER = com.YadadriUITests;
				PRODUCT_NAME = "$(TARGET_NAME)";
				TEST_TARGET_NAME = Yadadri;
			};
			name = Release;
		};
/* End XCBuildConfiguration section */

/* Begin XCConfigurationList section */
		71F8F0101D06A280009B2A80 /* Build configuration list for PBXProject "Yadadri" */ = {
			isa = XCConfigurationList;
			buildConfigurations = (
				71F8F03B1D06A283009B2A80 /* Debug */,
				71F8F03C1D06A283009B2A80 /* Release */,
			);
			defaultConfigurationIsVisible = 0;
			defaultConfigurationName = Release;
		};
		71F8F03D1D06A283009B2A80 /* Build configuration list for PBXNativeTarget "Yadadri" */ = {
			isa = XCConfigurationList;
			buildConfigurations = (
				71F8F03E1D06A283009B2A80 /* Debug */,
				71F8F03F1D06A283009B2A80 /* Release */,
			);
			defaultConfigurationIsVisible = 0;
			defaultConfigurationName = Release;
		};
		71F8F0401D06A283009B2A80 /* Build configuration list for PBXNativeTarget "YadadriTests" */ = {
			isa = XCConfigurationList;
			buildConfigurations = (
				71F8F0411D06A283009B2A80 /* Debug */,
				71F8F0421D06A283009B2A80 /* Release */,
			);
			defaultConfigurationIsVisible = 0;
			defaultConfigurationName = Release;
		};
		71F8F0431D06A283009B2A80 /* Build configuration list for PBXNativeTarget "YadadriUITests" */ = {
			isa = XCConfigurationList;
			buildConfigurations = (
				71F8F0441D06A283009B2A80 /* Debug */,
				71F8F0451D06A283009B2A80 /* Release */,
			);
			defaultConfigurationIsVisible = 0;
			defaultConfigurationName = Release;
		};
/* End XCConfigurationList section */
	};
	rootObject = 71F8F00D1D06A280009B2A80 /* Project object */;
}
